
Microsoft Visual Studio Solution File, Format Version 12.00
# Visual Studio Version 16
VisualStudioVersion = 16.0.29519.87
MinimumVisualStudioVersion = 10.0.40219.1
Project("{FAE04EC0-301F-11D3-BF4B-00C04F79EFBC}") = "PuraniKitab", "PuraniKitab\PuraniKitab.csproj", "{567FC374-8EAC-4485-9EC4-0699A1183B5D}"
EndProject
Global
	GlobalSection(SolutionConfigurationPlatforms) = preSolution
		Debug|Any CPU = Debug|Any CPU
		Release|Any CPU = Release|Any CPU
	EndGlobalSection
	GlobalSection(ProjectConfigurationPlatforms) = postSolution
		{567FC374-8EAC-4485-9EC4-0699A1183B5D}.Debug|Any CPU.ActiveCfg = Debug|Any CPU
		{567FC374-8EAC-4485-9EC4-0699A1183B5D}.Debug|Any CPU.Build.0 = Debug|Any CPU
		{567FC374-8EAC-4485-9EC4-0699A1183B5D}.Release|Any CPU.ActiveCfg = Release|Any CPU
		{567FC374-8EAC-4485-9EC4-0699A1183B5D}.Release|Any CPU.Build.0 = Release|Any CPU
	EndGlobalSection
	GlobalSection(SolutionProperties) = preSolution
		HideSolutionNode = FALSE
	EndGlobalSection
	GlobalSection(ExtensibilityGlobals) = postSolution
		SolutionGuid = {6D207A17-6850-4051-8182-B542EE1F4023}
	EndGlobalSection
EndGlobal
